
Microsoft Visual Studio Solution File, Format Version 12.00
# Visual Studio 15
VisualStudioVersion = 15.0.28307.705
MinimumVisualStudioVersion = 10.0.40219.1
Project("{FAE04EC0-301F-11D3-BF4B-00C04F79EFBC}") = "LoonerCoins", "LoonerCoins\LoonerCoins.csproj", "{C52FCC45-1446-4ADB-A905-8F3950C25798}"
EndProject
Project("{FAE04EC0-301F-11D3-BF4B-00C04F79EFBC}") = "BetterBalance", "BetterBalance\BetterBalance.csproj", "{928A4229-E7A1-4248-A936-34D377674D86}"
EndProject
Project("{FAE04EC0-301F-11D3-BF4B-00C04F79EFBC}") = "BossDropRemoval", "BossDropRemoval\BossDropRemoval.csproj", "{87BAF5B3-977E-4FDE-8A6A-FB5EB970D129}"
EndProject
Project("{9A19103F-16F7-4668-BE54-9A1E7A4F7556}") = "TMFBalancedInteractables", "TMFBalancedInteractables\TMFBalancedInteractables.csproj", "{C4CD40CD-F35C-4203-A2E5-93D887B71B30}"
EndProject
Project("{FAE04EC0-301F-11D3-BF4B-00C04F79EFBC}") = "CorpseBloomPlusPlus", "CorpseBloomPlusPlus\CorpseBloomPlusPlus.csproj", "{A0DEC514-DF63-4457-A990-5F6EBB227125}"
EndProject
Global
	GlobalSection(SolutionConfigurationPlatforms) = preSolution
		Debug|Any CPU = Debug|Any CPU
		Release|Any CPU = Release|Any CPU
	EndGlobalSection
	GlobalSection(ProjectConfigurationPlatforms) = postSolution
		{C52FCC45-1446-4ADB-A905-8F3950C25798}.Debug|Any CPU.ActiveCfg = Debug|Any CPU
		{C52FCC45-1446-4ADB-A905-8F3950C25798}.Debug|Any CPU.Build.0 = Debug|Any CPU
		{C52FCC45-1446-4ADB-A905-8F3950C25798}.Release|Any CPU.ActiveCfg = Release|Any CPU
		{C52FCC45-1446-4ADB-A905-8F3950C25798}.Release|Any CPU.Build.0 = Release|Any CPU
		{928A4229-E7A1-4248-A936-34D377674D86}.Debug|Any CPU.ActiveCfg = Debug|Any CPU
		{928A4229-E7A1-4248-A936-34D377674D86}.Debug|Any CPU.Build.0 = Debug|Any CPU
		{928A4229-E7A1-4248-A936-34D377674D86}.Release|Any CPU.ActiveCfg = Release|Any CPU
		{928A4229-E7A1-4248-A936-34D377674D86}.Release|Any CPU.Build.0 = Release|Any CPU
		{87BAF5B3-977E-4FDE-8A6A-FB5EB970D129}.Debug|Any CPU.ActiveCfg = Debug|Any CPU
		{87BAF5B3-977E-4FDE-8A6A-FB5EB970D129}.Debug|Any CPU.Build.0 = Debug|Any CPU
		{87BAF5B3-977E-4FDE-8A6A-FB5EB970D129}.Release|Any CPU.ActiveCfg = Release|Any CPU
		{87BAF5B3-977E-4FDE-8A6A-FB5EB970D129}.Release|Any CPU.Build.0 = Release|Any CPU
		{C4CD40CD-F35C-4203-A2E5-93D887B71B30}.Debug|Any CPU.ActiveCfg = Debug|Any CPU
		{C4CD40CD-F35C-4203-A2E5-93D887B71B30}.Debug|Any CPU.Build.0 = Debug|Any CPU
		{C4CD40CD-F35C-4203-A2E5-93D887B71B30}.Release|Any CPU.ActiveCfg = Release|Any CPU
		{C4CD40CD-F35C-4203-A2E5-93D887B71B30}.Release|Any CPU.Build.0 = Release|Any CPU
		{A0DEC514-DF63-4457-A990-5F6EBB227125}.Debug|Any CPU.ActiveCfg = Debug|Any CPU
		{A0DEC514-DF63-4457-A990-5F6EBB227125}.Debug|Any CPU.Build.0 = Debug|Any CPU
		{A0DEC514-DF63-4457-A990-5F6EBB227125}.Release|Any CPU.ActiveCfg = Release|Any CPU
		{A0DEC514-DF63-4457-A990-5F6EBB227125}.Release|Any CPU.Build.0 = Release|Any CPU
	EndGlobalSection
	GlobalSection(SolutionProperties) = preSolution
		HideSolutionNode = FALSE
	EndGlobalSection
	GlobalSection(ExtensibilityGlobals) = postSolution
		SolutionGuid = {5FA949E9-EC97-402D-B056-21A583D5AA2A}
	EndGlobalSection
EndGlobal
